{
    "_readme": [
        "This file locks the dependencies of your project to a known state",
        "Read more about it at https://getcomposer.org/doc/01-basic-usage.md#composer-lock-the-lock-file",
        "This file is @generated automatically"
    ],
    "content-hash": "73eab14a0ac55b41cbc59ee598ce628d",
    "packages": [
        {
            "name": "digitalnature/php-ref",
            "version": "dev-master",
            "source": {
                "type": "git",
                "url": "https://github.com/digitalnature/php-ref.git",
                "reference": "f164bb38eb353a9f8c22537935c865a937d58bb8"
            },
            "dist": {
                "type": "zip",
                "url": "https://api.github.com/repos/digitalnature/php-ref/zipball/f164bb38eb353a9f8c22537935c865a937d58bb8",
                "reference": "f164bb38eb353a9f8c22537935c865a937d58bb8",
                "shasum": ""
            },
            "require": {
                "php": ">=5.3.0"
            },
            "type": "library",
            "autoload": {
                "files": [
                    "ref.php"
                ]
            },
            "notification-url": "https://packagist.org/downloads/",
            "license": [
                "MIT"
            ],
            "description": "A nicer print_r/var_dump alternative for PHP 5.3+",
            "homepage": "https://github.com/digitalnature/php-ref",
            "keywords": [
                "debug",
                "var_dump"
            ],
            "time": "2017-10-10T07:59:50+00:00"
        }
    ],
    "packages-dev": [],
    "aliases": [],
    "minimum-stability": "stable",
    "stability-flags": {
        "digitalnature/php-ref": 20
    },
    "prefer-stable": false,
    "prefer-lowest": false,
    "platform": {
        "php": ">=7.0"
    },
    "platform-dev": []
}
